
Microsoft Visual Studio Solution File, Format Version 12.00
# Visual Studio Version 16
VisualStudioVersion = 16.0.31702.278
MinimumVisualStudioVersion = 10.0.40219.1
Project("{FAE04EC0-301F-11D3-BF4B-00C04F79EFBC}") = "wpf_lab4", "wpf_lab4\wpf_lab4.csproj", "{A0395155-EA60-459D-83F2-EECADF88E150}"
EndProject
Global
	GlobalSection(SolutionConfigurationPlatforms) = preSolution
		Debug|Any CPU = Debug|Any CPU
		Release|Any CPU = Release|Any CPU
	EndGlobalSection
	GlobalSection(ProjectConfigurationPlatforms) = postSolution
		{A0395155-EA60-459D-83F2-EECADF88E150}.Debug|Any CPU.ActiveCfg = Debug|Any CPU
		{A0395155-EA60-459D-83F2-EECADF88E150}.Debug|Any CPU.Build.0 = Debug|Any CPU
		{A0395155-EA60-459D-83F2-EECADF88E150}.Release|Any CPU.ActiveCfg = Release|Any CPU
		{A0395155-EA60-459D-83F2-EECADF88E150}.Release|Any CPU.Build.0 = Release|Any CPU
	EndGlobalSection
	GlobalSection(SolutionProperties) = preSolution
		HideSolutionNode = FALSE
	EndGlobalSection
	GlobalSection(ExtensibilityGlobals) = postSolution
		SolutionGuid = {CA1574BC-748B-4A99-A600-DC4A2DA75A0F}
	EndGlobalSection
EndGlobal
